<?xml version="1.0" encoding="utf-8"?>
<Project ToolsVersion="4.0" xmlns="http://schemas.microsoft.com/developer/msbuild/2003">
  <ItemGroup>
    <Filter Include="Source Files">
      <UniqueIdentifier>{4FC737F1-C7A5-4376-A066-2A32D752A2FF}</UniqueIdentifier>
      <Extensions>cpp;c;cc;cxx;c++;cppm;ixx;def;odl;idl;hpj;bat;asm;asmx</Extensions>
    </Filter>
    <Filter Include="Header Files">
      <UniqueIdentifier>{93995380-89BD-4b04-88EB-625FBE52EBFB}</UniqueIdentifier>
      <Extensions>h;hh;hpp;hxx;h++;hm;inl;inc;ipp;xsd</Extensions>
    </Filter>
    <Filter Include="Resource Files">
      <UniqueIdentifier>{67DA6AB6-F800-4c08-8B7A-83BB121AAD01}</UniqueIdentifier>
      <Extensions>rc;ico;cur;bmp;dlg;rc2;rct;bin;rgs;gif;jpg;jpeg;jpe;resx;tiff;tif;png;wav;mfcribbon-ms</Extensions>
    </Filter>
  </ItemGroup>
  <ItemGroup>
    <ClCompile Include="Main.cpp">
      <Filter>Source Files</Filter>
    </ClCompile>
    <ClCompile Include="stb_image.cpp">
      <Filter>Source Files</Filter>
    </ClCompile>
    <ClCompile Include="Shader.cpp">
      <Filter>Source Files</Filter>
    </ClCompile>
    <ClCompile Include="Vectors.cpp">
      <Filter>Source Files</Filter>
    </ClCompile>
    <ClCompile Include="glad.c">
      <Filter>Source Files</Filter>
    </ClCompile>
    <ClCompile Include="FontTexture.cpp">
      <Filter>Source Files</Filter>
    </ClCompile>
    <ClCompile Include="GLFractal.cpp">
      <Filter>Source Files</Filter>
    </ClCompile>
    <ClCompile Include="complex.cpp">
      <Filter>Source Files</Filter>
    </ClCompile>
  </ItemGroup>
  <ItemGroup>
    <None Include="shader.vert">
      <Filter>Resource Files</Filter>
    </None>
    <None Include="mandelbrot_d.frag">
      <Filter>Resource Files</Filter>
    </None>
    <None Include="mandelbrot_f.frag">
      <Filter>Resource Files</Filter>
    </None>
    <None Include="julia_f.frag">
      <Filter>Resource Files</Filter>
    </None>
    <None Include="mandelbrot_selector.frag">
      <Filter>Resource Files</Filter>
    </None>
    <None Include="julia_d.frag">
      <Filter>Resource Files</Filter>
    </None>
    <None Include="text.vert">
      <Filter>Resource Files</Filter>
    </None>
    <None Include="text.frag">
      <Filter>Resource Files</Filter>
    </None>
    <None Include="newton_coef_f.frag">
      <Filter>Resource Files</Filter>
    </None>
    <None Include="newton_coef_d.frag">
      <Filter>Resource Files</Filter>
    </None>
  </ItemGroup>
  <ItemGroup>
    <Image Include="yel_blue_1024.png">
      <Filter>Resource Files</Filter>
    </Image>
  </ItemGroup>
  <ItemGroup>
    <ClInclude Include="stb_image.h">
      <Filter>Header Files</Filter>
    </ClInclude>
    <ClInclude Include="Shader.h">
      <Filter>Header Files</Filter>
    </ClInclude>
    <ClInclude Include="Vectors.h">
      <Filter>Header Files</Filter>
    </ClInclude>
    <ClInclude Include="FontTexture.h">
      <Filter>Header Files</Filter>
    </ClInclude>
    <ClInclude Include="GLFractal.h">
      <Filter>Header Files</Filter>
    </ClInclude>
    <ClInclude Include="complex.h">
      <Filter>Header Files</Filter>
    </ClInclude>
  </ItemGroup>
  <ItemGroup>
    <Text Include="key_bindings.txt">
      <Filter>Resource Files</Filter>
    </Text>
  </ItemGroup>
  <ItemGroup>
    <Font Include="CascadiaMono.ttf">
      <Filter>Resource Files</Filter>
    </Font>
  </ItemGroup>
</Project>